// !$*UTF8*$!
{
	archiveVersion = 1;
	classes = {
	};
	objectVersion = 46;
	objects = {

/* Begin PBXBuildFile section */
		7C40A8951A7E7EC200C7AA74 /* StudentViewController.m in Sources */ = {isa = PBXBuildFile; fileRef = 7C40A8941A7E7EC200C7AA74 /* StudentViewController.m */; };
		7C40A8981A7E832B00C7AA74 /* AdminViewController.m in Sources */ = {isa = PBXBuildFile; fileRef = 7C40A8971A7E832B00C7AA74 /* AdminViewController.m */; };
		7C40A89A1A7E85DA00C7AA74 /* CoreLocation.framework in Frameworks */ = {isa = PBXBuildFile; fileRef = 7C40A8991A7E85DA00C7AA74 /* CoreLocation.framework */; settings = {ATTRIBUTES = (Required, ); }; };
		7C40A89C1A7EC05D00C7AA74 /* 10965810_803368606366507_272877349_n.jpg in Resources */ = {isa = PBXBuildFile; fileRef = 7C40A89B1A7EC05D00C7AA74 /* 10965810_803368606366507_272877349_n.jpg */; };
		7C40A89E1A7EC2B800C7AA74 /* Screen Shot 2015-02-01 at 3.14.45 PM.png in Resources */ = {isa = PBXBuildFile; fileRef = 7C40A89D1A7EC2B800C7AA74 /* Screen Shot 2015-02-01 at 3.14.45 PM.png */; };
		7C40A8A01A7EC32500C7AA74 /* 180.png in Resources */ = {isa = PBXBuildFile; fileRef = 7C40A89F1A7EC32500C7AA74 /* 180.png */; };
		8BABE6701A7E8A050007DE4F /* Security.framework in Frameworks */ = {isa = PBXBuildFile; fileRef = 8BABE66F1A7E8A050007DE4F /* Security.framework */; };
		8BABE6721A7E8A0B0007DE4F /* libicucore.dylib in Frameworks */ = {isa = PBXBuildFile; fileRef = 8BABE6711A7E8A0B0007DE4F /* libicucore.dylib */; };
		8BABE6741A7E8A140007DE4F /* libc++.dylib in Frameworks */ = {isa = PBXBuildFile; fileRef = 8BABE6731A7E8A140007DE4F /* libc++.dylib */; };
		8BABE6761A7E8A2E0007DE4F /* CFNetwork.framework in Frameworks */ = {isa = PBXBuildFile; fileRef = 8BABE6751A7E8A2E0007DE4F /* CFNetwork.framework */; };
		8BABE6781A7E8A340007DE4F /* SystemConfiguration.framework in Frameworks */ = {isa = PBXBuildFile; fileRef = 8BABE6771A7E8A340007DE4F /* SystemConfiguration.framework */; };
		8BABE67A1A7E8AC50007DE4F /* Firebase.framework in Frameworks */ = {isa = PBXBuildFile; fileRef = 8BABE6791A7E8AC50007DE4F /* Firebase.framework */; };
		8BF0C98B1A7E7ED200B96ACF /* main.m in Sources */ = {isa = PBXBuildFile; fileRef = 8BF0C98A1A7E7ED200B96ACF /* main.m */; };
		8BF0C98E1A7E7ED200B96ACF /* AppDelegate.m in Sources */ = {isa = PBXBuildFile; fileRef = 8BF0C98D1A7E7ED200B96ACF /* AppDelegate.m */; };
		8BF0C9911A7E7ED200B96ACF /* ViewController.m in Sources */ = {isa = PBXBuildFile; fileRef = 8BF0C9901A7E7ED200B96ACF /* ViewController.m */; };
		8BF0C9941A7E7ED200B96ACF /* Main.storyboard in Resources */ = {isa = PBXBuildFile; fileRef = 8BF0C9921A7E7ED200B96ACF /* Main.storyboard */; };
		8BF0C9961A7E7ED200B96ACF /* Images.xcassets in Resources */ = {isa = PBXBuildFile; fileRef = 8BF0C9951A7E7ED200B96ACF /* Images.xcassets */; };
		8BF0C9991A7E7ED200B96ACF /* LaunchScreen.xib in Resources */ = {isa = PBXBuildFile; fileRef = 8BF0C9971A7E7ED200B96ACF /* LaunchScreen.xib */; };
		8BF0C9A51A7E7ED200B96ACF /* ChapinAttendanceTests.m in Sources */ = {isa = PBXBuildFile; fileRef = 8BF0C9A41A7E7ED200B96ACF /* ChapinAttendanceTests.m */; };
		C49244B51A7EA679005EF560 /* screenie.png in Resources */ = {isa = PBXBuildFile; fileRef = C49244B41A7EA679005EF560 /* screenie.png */; };
		C49244B71A7EAD41005EF560 /* FINAL.jpg in Resources */ = {isa = PBXBuildFile; fileRef = C49244B61A7EAD41005EF560 /* FINAL.jpg */; };
/* End PBXBuildFile section */

/* Begin PBXContainerItemProxy section */
		8BF0C99F1A7E7ED200B96ACF /* PBXContainerItemProxy */ = {
			isa = PBXContainerItemProxy;
			containerPortal = 8BF0C97D1A7E7ED200B96ACF /* Project object */;
			proxyType = 1;
			remoteGlobalIDString = 8BF0C9841A7E7ED200B96ACF;
			remoteInfo = ChapinAttendance;
		};
/* End PBXContainerItemProxy section */

/* Begin PBXFileReference section */
		7C40A8931A7E7EC200C7AA74 /* StudentViewController.h */ = {isa = PBXFileReference; fileEncoding = 4; lastKnownFileType = sourcecode.c.h; path = StudentViewController.h; sourceTree = "<group>"; };
		7C40A8941A7E7EC200C7AA74 /* StudentViewController.m */ = {isa = PBXFileReference; fileEncoding = 4; lastKnownFileType = sourcecode.c.objc; path = StudentViewController.m; sourceTree = "<group>"; };
		7C40A8961A7E832B00C7AA74 /* AdminViewController.h */ = {isa = PBXFileReference; fileEncoding = 4; lastKnownFileType = sourcecode.c.h; path = AdminViewController.h; sourceTree = "<group>"; };
		7C40A8971A7E832B00C7AA74 /* AdminViewController.m */ = {isa = PBXFileReference; fileEncoding = 4; lastKnownFileType = sourcecode.c.objc; path = AdminViewController.m; sourceTree = "<group>"; };
		7C40A8991A7E85DA00C7AA74 /* CoreLocation.framework */ = {isa = PBXFileReference; lastKnownFileType = wrapper.framework; name = CoreLocation.framework; path = System/Library/Frameworks/CoreLocation.framework; sourceTree = SDKROOT; };
		7C40A89B1A7EC05D00C7AA74 /* 10965810_803368606366507_272877349_n.jpg */ = {isa = PBXFileReference; lastKnownFileType = image.jpeg; path = 10965810_803368606366507_272877349_n.jpg; sourceTree = "<group>"; };
		7C40A89D1A7EC2B800C7AA74 /* Screen Shot 2015-02-01 at 3.14.45 PM.png */ = {isa = PBXFileReference; lastKnownFileType = image.png; path = "Screen Shot 2015-02-01 at 3.14.45 PM.png"; sourceTree = "<group>"; };
		7C40A89F1A7EC32500C7AA74 /* 180.png */ = {isa = PBXFileReference; lastKnownFileType = image.png; path = 180.png; sourceTree = "<group>"; };
		8BABE66F1A7E8A050007DE4F /* Security.framework */ = {isa = PBXFileReference; lastKnownFileType = wrapper.framework; name = Security.framework; path = System/Library/Frameworks/Security.framework; sourceTree = SDKROOT; };
		8BABE6711A7E8A0B0007DE4F /* libicucore.dylib */ = {isa = PBXFileReference; lastKnownFileType = "compiled.mach-o.dylib"; name = libicucore.dylib; path = usr/lib/libicucore.dylib; sourceTree = SDKROOT; };
		8BABE6731A7E8A140007DE4F /* libc++.dylib */ = {isa = PBXFileReference; lastKnownFileType = "compiled.mach-o.dylib"; name = "libc++.dylib"; path = "usr/lib/libc++.dylib"; sourceTree = SDKROOT; };
		8BABE6751A7E8A2E0007DE4F /* CFNetwork.framework */ = {isa = PBXFileReference; lastKnownFileType = wrapper.framework; name = CFNetwork.framework; path = System/Library/Frameworks/CFNetwork.framework; sourceTree = SDKROOT; };
		8BABE6771A7E8A340007DE4F /* SystemConfiguration.framework */ = {isa = PBXFileReference; lastKnownFileType = wrapper.framework; name = SystemConfiguration.framework; path = System/Library/Frameworks/SystemConfiguration.framework; sourceTree = SDKROOT; };
		8BABE6791A7E8AC50007DE4F /* Firebase.framework */ = {isa = PBXFileReference; lastKnownFileType = wrapper.framework; path = Firebase.framework; sourceTree = "<group>"; };
		8BF0C9851A7E7ED200B96ACF /* ChapinAttendance.app */ = {isa = PBXFileReference; explicitFileType = wrapper.application; includeInIndex = 0; path = ChapinAttendance.app; sourceTree = BUILT_PRODUCTS_DIR; };
		8BF0C9891A7E7ED200B96ACF /* Info.plist */ = {isa = PBXFileReference; lastKnownFileType = text.plist.xml; path = Info.plist; sourceTree = "<group>"; };
		8BF0C98A1A7E7ED200B96ACF /* main.m */ = {isa = PBXFileReference; lastKnownFileType = sourcecode.c.objc; path = main.m; sourceTree = "<group>"; };
		8BF0C98C1A7E7ED200B96ACF /* AppDelegate.h */ = {isa = PBXFileReference; lastKnownFileType = sourcecode.c.h; path = AppDelegate.h; sourceTree = "<group>"; };
		8BF0C98D1A7E7ED200B96ACF /* AppDelegate.m */ = {isa = PBXFileReference; lastKnownFileType = sourcecode.c.objc; path = AppDelegate.m; sourceTree = "<group>"; };
		8BF0C98F1A7E7ED200B96ACF /* ViewController.h */ = {isa = PBXFileReference; lastKnownFileType = sourcecode.c.h; path = ViewController.h; sourceTree = "<group>"; };
		8BF0C9901A7E7ED200B96ACF /* ViewController.m */ = {isa = PBXFileReference; lastKnownFileType = sourcecode.c.objc; path = ViewController.m; sourceTree = "<group>"; };
		8BF0C9931A7E7ED200B96ACF /* Base */ = {isa = PBXFileReference; lastKnownFileType = file.storyboard; name = Base; path = Base.lproj/Main.storyboard; sourceTree = "<group>"; };
		8BF0C9951A7E7ED200B96ACF /* Images.xcassets */ = {isa = PBXFileReference; lastKnownFileType = folder.assetcatalog; path = Images.xcassets; sourceTree = "<group>"; };
		8BF0C9981A7E7ED200B96ACF /* Base */ = {isa = PBXFileReference; lastKnownFileType = file.xib; name = Base; path = Base.lproj/LaunchScreen.xib; sourceTree = "<group>"; };
		8BF0C99E1A7E7ED200B96ACF /* ChapinAttendanceTests.xctest */ = {isa = PBXFileReference; explicitFileType = wrapper.cfbundle; includeInIndex = 0; path = ChapinAttendanceTests.xctest; sourceTree = BUILT_PRODUCTS_DIR; };
		8BF0C9A31A7E7ED200B96ACF /* Info.plist */ = {isa = PBXFileReference; lastKnownFileType = text.plist.xml; path = Info.plist; sourceTree = "<group>"; };
		8BF0C9A41A7E7ED200B96ACF /* ChapinAttendanceTests.m */ = {isa = PBXFileReference; lastKnownFileType = sourcecode.c.objc; path = ChapinAttendanceTests.m; sourceTree = "<group>"; };
		C49244B41A7EA679005EF560 /* screenie.png */ = {isa = PBXFileReference; lastKnownFileType = image.png; path = screenie.png; sourceTree = "<group>"; };
		C49244B61A7EAD41005EF560 /* FINAL.jpg */ = {isa = PBXFileReference; lastKnownFileType = image.jpeg; path = FINAL.jpg; sourceTree = "<group>"; };
/* End PBXFileReference section */

/* Begin PBXFrameworksBuildPhase section */
		8BF0C9821A7E7ED200B96ACF /* Frameworks */ = {
			isa = PBXFrameworksBuildPhase;
			buildActionMask = 2147483647;
			files = (
				8BABE6781A7E8A340007DE4F /* SystemConfiguration.framework in Frameworks */,
				8BABE6761A7E8A2E0007DE4F /* CFNetwork.framework in Frameworks */,
				8BABE6741A7E8A140007DE4F /* libc++.dylib in Frameworks */,
				8BABE67A1A7E8AC50007DE4F /* Firebase.framework in Frameworks */,
				8BABE6721A7E8A0B0007DE4F /* libicucore.dylib in Frameworks */,
				8BABE6701A7E8A050007DE4F /* Security.framework in Frameworks */,
				7C40A89A1A7E85DA00C7AA74 /* CoreLocation.framework in Frameworks */,
			);
			runOnlyForDeploymentPostprocessing = 0;
		};
		8BF0C99B1A7E7ED200B96ACF /* Frameworks */ = {
			isa = PBXFrameworksBuildPhase;
			buildActionMask = 2147483647;
			files = (
			);
			runOnlyForDeploymentPostprocessing = 0;
		};
/* End PBXFrameworksBuildPhase section */

/* Begin PBXGroup section */
		8BABE66C1A7E89CE0007DE4F /* Frameworks */ = {
			isa = PBXGroup;
			children = (
				8BABE6791A7E8AC50007DE4F /* Firebase.framework */,
				8BABE6771A7E8A340007DE4F /* SystemConfiguration.framework */,
				8BABE6751A7E8A2E0007DE4F /* CFNetwork.framework */,
				8BABE6731A7E8A140007DE4F /* libc++.dylib */,
				8BABE6711A7E8A0B0007DE4F /* libicucore.dylib */,
				8BABE66F1A7E8A050007DE4F /* Security.framework */,
				7C40A8991A7E85DA00C7AA74 /* CoreLocation.framework */,
			);
			name = Frameworks;
			sourceTree = "<group>";
		};
		8BF0C97C1A7E7ED200B96ACF = {
			isa = PBXGroup;
			children = (
				8BF0C9871A7E7ED200B96ACF /* ChapinAttendance */,
				8BF0C9A11A7E7ED200B96ACF /* ChapinAttendanceTests */,
				8BF0C9861A7E7ED200B96ACF /* Products */,
			);
			sourceTree = "<group>";
		};
		8BF0C9861A7E7ED200B96ACF /* Products */ = {
			isa = PBXGroup;
			children = (
				8BF0C9851A7E7ED200B96ACF /* ChapinAttendance.app */,
				8BF0C99E1A7E7ED200B96ACF /* ChapinAttendanceTests.xctest */,
			);
			name = Products;
			sourceTree = "<group>";
		};
		8BF0C9871A7E7ED200B96ACF /* ChapinAttendance */ = {
			isa = PBXGroup;
			children = (
				8BF0C98C1A7E7ED200B96ACF /* AppDelegate.h */,
				8BF0C98D1A7E7ED200B96ACF /* AppDelegate.m */,
				8BF0C98F1A7E7ED200B96ACF /* ViewController.h */,
				8BF0C9901A7E7ED200B96ACF /* ViewController.m */,
				8BF0C9921A7E7ED200B96ACF /* Main.storyboard */,
				7C40A8961A7E832B00C7AA74 /* AdminViewController.h */,
				7C40A8971A7E832B00C7AA74 /* AdminViewController.m */,
				7C40A8931A7E7EC200C7AA74 /* StudentViewController.h */,
				7C40A8941A7E7EC200C7AA74 /* StudentViewController.m */,
				8BF0C9951A7E7ED200B96ACF /* Images.xcassets */,
				8BF0C9971A7E7ED200B96ACF /* LaunchScreen.xib */,
				C49244B61A7EAD41005EF560 /* FINAL.jpg */,
				C49244B41A7EA679005EF560 /* screenie.png */,
				7C40A89B1A7EC05D00C7AA74 /* 10965810_803368606366507_272877349_n.jpg */,
				7C40A89D1A7EC2B800C7AA74 /* Screen Shot 2015-02-01 at 3.14.45 PM.png */,
				7C40A89F1A7EC32500C7AA74 /* 180.png */,
				8BABE66C1A7E89CE0007DE4F /* Frameworks */,
				8BF0C9881A7E7ED200B96ACF /* Supporting Files */,
			);
			path = ChapinAttendance;
			sourceTree = "<group>";
		};
		8BF0C9881A7E7ED200B96ACF /* Supporting Files */ = {
			isa = PBXGroup;
			children = (
				8BF0C9891A7E7ED200B96ACF /* Info.plist */,
				8BF0C98A1A7E7ED200B96ACF /* main.m */,
			);
			name = "Supporting Files";
			sourceTree = "<group>";
		};
		8BF0C9A11A7E7ED200B96ACF /* ChapinAttendanceTests */ = {
			isa = PBXGroup;
			children = (
				8BF0C9A41A7E7ED200B96ACF /* ChapinAttendanceTests.m */,
				8BF0C9A21A7E7ED200B96ACF /* Supporting Files */,
			);
			path = ChapinAttendanceTests;
			sourceTree = "<group>";
		};
		8BF0C9A21A7E7ED200B96ACF /* Supporting Files */ = {
			isa = PBXGroup;
			children = (
				8BF0C9A31A7E7ED200B96ACF /* Info.plist */,
			);
			name = "Supporting Files";
			sourceTree = "<group>";
		};
/* End PBXGroup section */

/* Begin PBXNativeTarget section */
		8BF0C9841A7E7ED200B96ACF /* ChapinAttendance */ = {
			isa = PBXNativeTarget;
			buildConfigurationList = 8BF0C9A81A7E7ED300B96ACF /* Build configuration list for PBXNativeTarget "ChapinAttendance" */;
			buildPhases = (
				8BF0C9811A7E7ED200B96ACF /* Sources */,
				8BF0C9821A7E7ED200B96ACF /* Frameworks */,
				8BF0C9831A7E7ED200B96ACF /* Resources */,
			);
			buildRules = (
			);
			dependencies = (
			);
			name = ChapinAttendance;
			productName = ChapinAttendance;
			productReference = 8BF0C9851A7E7ED200B96ACF /* ChapinAttendance.app */;
			productType = "com.apple.product-type.application";
		};
		8BF0C99D1A7E7ED200B96ACF /* ChapinAttendanceTests */ = {
			isa = PBXNativeTarget;
			buildConfigurationList = 8BF0C9AB1A7E7ED300B96ACF /* Build configuration list for PBXNativeTarget "ChapinAttendanceTests" */;
			buildPhases = (
				8BF0C99A1A7E7ED200B96ACF /* Sources */,
				8BF0C99B1A7E7ED200B96ACF /* Frameworks */,
				8BF0C99C1A7E7ED200B96ACF /* Resources */,
			);
			buildRules = (
			);
			dependencies = (
				8BF0C9A01A7E7ED200B96ACF /* PBXTargetDependency */,
			);
			name = ChapinAttendanceTests;
			productName = ChapinAttendanceTests;
			productReference = 8BF0C99E1A7E7ED200B96ACF /* ChapinAttendanceTests.xctest */;
			productType = "com.apple.product-type.bundle.unit-test";
		};
/* End PBXNativeTarget section */

/* Begin PBXProject section */
		8BF0C97D1A7E7ED200B96ACF /* Project object */ = {
			isa = PBXProject;
			attributes = {
				LastUpgradeCheck = 0610;
				ORGANIZATIONNAME = Developer;
				TargetAttributes = {
					8BF0C9841A7E7ED200B96ACF = {
						CreatedOnToolsVersion = 6.1.1;
					};
					8BF0C99D1A7E7ED200B96ACF = {
						CreatedOnToolsVersion = 6.1.1;
						TestTargetID = 8BF0C9841A7E7ED200B96ACF;
					};
				};
			};
			buildConfigurationList = 8BF0C9801A7E7ED200B96ACF /* Build configuration list for PBXProject "ChapinAttendance" */;
			compatibilityVersion = "Xcode 3.2";
			developmentRegion = English;
			hasScannedForEncodings = 0;
			knownRegions = (
				en,
				Base,
			);
			mainGroup = 8BF0C97C1A7E7ED200B96ACF;
			productRefGroup = 8BF0C9861A7E7ED200B96ACF /* Products */;
			projectDirPath = "";
			projectRoot = "";
			targets = (
				8BF0C9841A7E7ED200B96ACF /* ChapinAttendance */,
				8BF0C99D1A7E7ED200B96ACF /* ChapinAttendanceTests */,
			);
		};
/* End PBXProject section */

/* Begin PBXResourcesBuildPhase section */
		8BF0C9831A7E7ED200B96ACF /* Resources */ = {
			isa = PBXResourcesBuildPhase;
			buildActionMask = 2147483647;
			files = (
				8BF0C9941A7E7ED200B96ACF /* Main.storyboard in Resources */,
				7C40A89E1A7EC2B800C7AA74 /* Screen Shot 2015-02-01 at 3.14.45 PM.png in Resources */,
				C49244B51A7EA679005EF560 /* screenie.png in Resources */,
				7C40A8A01A7EC32500C7AA74 /* 180.png in Resources */,
				C49244B71A7EAD41005EF560 /* FINAL.jpg in Resources */,
				8BF0C9991A7E7ED200B96ACF /* LaunchScreen.xib in Resources */,
				7C40A89C1A7EC05D00C7AA74 /* 10965810_803368606366507_272877349_n.jpg in Resources */,
				8BF0C9961A7E7ED200B96ACF /* Images.xcassets in Resources */,
			);
			runOnlyForDeploymentPostprocessing = 0;
		};
		8BF0C99C1A7E7ED200B96ACF /* Resources */ = {
			isa = PBXResourcesBuildPhase;
			buildActionMask = 2147483647;
			files = (
			);
			runOnlyForDeploymentPostprocessing = 0;
		};
/* End PBXResourcesBuildPhase section */

/* Begin PBXSourcesBuildPhase section */
		8BF0C9811A7E7ED200B96ACF /* Sources */ = {
			isa = PBXSourcesBuildPhase;
			buildActionMask = 2147483647;
			files = (
				7C40A8951A7E7EC200C7AA74 /* StudentViewController.m in Sources */,
				8BF0C9911A7E7ED200B96ACF /* ViewController.m in Sources */,
				7C40A8981A7E832B00C7AA74 /* AdminViewController.m in Sources */,
				8BF0C98E1A7E7ED200B96ACF /* AppDelegate.m in Sources */,
				8BF0C98B1A7E7ED200B96ACF /* main.m in Sources */,
			);
			runOnlyForDeploymentPostprocessing = 0;
		};
		8BF0C99A1A7E7ED200B96ACF /* Sources */ = {
			isa = PBXSourcesBuildPhase;
			buildActionMask = 2147483647;
			files = (
				8BF0C9A51A7E7ED200B96ACF /* ChapinAttendanceTests.m in Sources */,
			);
			runOnlyForDeploymentPostprocessing = 0;
		};
/* End PBXSourcesBuildPhase section */

/* Begin PBXTargetDependency section */
		8BF0C9A01A7E7ED200B96ACF /* PBXTargetDependency */ = {
			isa = PBXTargetDependency;
			target = 8BF0C9841A7E7ED200B96ACF /* ChapinAttendance */;
			targetProxy = 8BF0C99F1A7E7ED200B96ACF /* PBXContainerItemProxy */;
		};
/* End PBXTargetDependency section */

/* Begin PBXVariantGroup section */
		8BF0C9921A7E7ED200B96ACF /* Main.storyboard */ = {
			isa = PBXVariantGroup;
			children = (
				8BF0C9931A7E7ED200B96ACF /* Base */,
			);
			name = Main.storyboard;
			sourceTree = "<group>";
		};
		8BF0C9971A7E7ED200B96ACF /* LaunchScreen.xib */ = {
			isa = PBXVariantGroup;
			children = (
				8BF0C9981A7E7ED200B96ACF /* Base */,
			);
			name = LaunchScreen.xib;
			sourceTree = "<group>";
		};
/* End PBXVariantGroup section */

/* Begin XCBuildConfiguration section */
		8BF0C9A61A7E7ED300B96ACF /* Debug */ = {
			isa = XCBuildConfiguration;
			buildSettings = {
				ALWAYS_SEARCH_USER_PATHS = NO;
				CLANG_CXX_LANGUAGE_STANDARD = "gnu++0x";
				CLANG_CXX_LIBRARY = "libc++";
				CLANG_ENABLE_MODULES = YES;
				CLANG_ENABLE_OBJC_ARC = YES;
				CLANG_WARN_BOOL_CONVERSION = YES;
				CLANG_WARN_CONSTANT_CONVERSION = YES;
				CLANG_WARN_DIRECT_OBJC_ISA_USAGE = YES_ERROR;
				CLANG_WARN_EMPTY_BODY = YES;
				CLANG_WARN_ENUM_CONVERSION = YES;
				CLANG_WARN_INT_CONVERSION = YES;
				CLANG_WARN_OBJC_ROOT_CLASS = YES_ERROR;
				CLANG_WARN_UNREACHABLE_CODE = YES;
				CLANG_WARN__DUPLICATE_METHOD_MATCH = YES;
				"CODE_SIGN_IDENTITY[sdk=iphoneos*]" = "iPhone Developer";
				COPY_PHASE_STRIP = NO;
				ENABLE_STRICT_OBJC_MSGSEND = YES;
				GCC_C_LANGUAGE_STANDARD = gnu99;
				GCC_DYNAMIC_NO_PIC = NO;
				GCC_OPTIMIZATION_LEVEL = 0;
				GCC_PREPROCESSOR_DEFINITIONS = (
					"DEBUG=1",
					"$(inherited)",
				);
				GCC_SYMBOLS_PRIVATE_EXTERN = NO;
				GCC_WARN_64_TO_32_BIT_CONVERSION = YES;
				GCC_WARN_ABOUT_RETURN_TYPE = YES_ERROR;
				GCC_WARN_UNDECLARED_SELECTOR = YES;
				GCC_WARN_UNINITIALIZED_AUTOS = YES_AGGRESSIVE;
				GCC_WARN_UNUSED_FUNCTION = YES;
				GCC_WARN_UNUSED_VARIABLE = YES;
				IPHONEOS_DEPLOYMENT_TARGET = 8.1;
				MTL_ENABLE_DEBUG_INFO = YES;
				ONLY_ACTIVE_ARCH = YES;
				SDKROOT = iphoneos;
				TARGETED_DEVICE_FAMILY = "1,2";
			};
			name = Debug;
		};
		8BF0C9A71A7E7ED300B96ACF /* Release */ = {
			isa = XCBuildConfiguration;
			buildSettings = {
				ALWAYS_SEARCH_USER_PATHS = NO;
				CLANG_CXX_LANGUAGE_STANDARD = "gnu++0x";
				CLANG_CXX_LIBRARY = "libc++";
				CLANG_ENABLE_MODULES = YES;
				CLANG_ENABLE_OBJC_ARC = YES;
				CLANG_WARN_BOOL_CONVERSION = YES;
				CLANG_WARN_CONSTANT_CONVERSION = YES;
				CLANG_WARN_DIRECT_OBJC_ISA_USAGE = YES_ERROR;
				CLANG_WARN_EMPTY_BODY = YES;
				CLANG_WARN_ENUM_CONVERSION = YES;
				CLANG_WARN_INT_CONVERSION = YES;
				CLANG_WARN_OBJC_ROOT_CLASS = YES_ERROR;
				CLANG_WARN_UNREACHABLE_CODE = YES;
				CLANG_WARN__DUPLICATE_METHOD_MATCH = YES;
				"CODE_SIGN_IDENTITY[sdk=iphoneos*]" = "iPhone Developer";
				COPY_PHASE_STRIP = YES;
				ENABLE_NS_ASSERTIONS = NO;
				ENABLE_STRICT_OBJC_MSGSEND = YES;
				GCC_C_LANGUAGE_STANDARD = gnu99;
				GCC_WARN_64_TO_32_BIT_CONVERSION = YES;
				GCC_WARN_ABOUT_RETURN_TYPE = YES_ERROR;
				GCC_WARN_UNDECLARED_SELECTOR = YES;
				GCC_WARN_UNINITIALIZED_AUTOS = YES_AGGRESSIVE;
				GCC_WARN_UNUSED_FUNCTION = YES;
				GCC_WARN_UNUSED_VARIABLE = YES;
				IPHONEOS_DEPLOYMENT_TARGET = 8.1;
				MTL_ENABLE_DEBUG_INFO = NO;
				SDKROOT = iphoneos;
				TARGETED_DEVICE_FAMILY = "1,2";
				VALIDATE_PRODUCT = YES;
			};
			name = Release;
		};
		8BF0C9A91A7E7ED300B96ACF /* Debug */ = {
			isa = XCBuildConfiguration;
			buildSettings = {
				ASSETCATALOG_COMPILER_APPICON_NAME = AppIcon;
				ASSETCATALOG_COMPILER_LAUNCHIMAGE_NAME = LaunchImage;
				FRAMEWORK_SEARCH_PATHS = (
					"$(inherited)",
					"$(PROJECT_DIR)/ChapinAttendance",
				);
				INFOPLIST_FILE = ChapinAttendance/Info.plist;
				LD_RUNPATH_SEARCH_PATHS = "$(inherited) @executable_path/Frameworks";
				OTHER_LDFLAGS = "-ObjC";
				PRODUCT_NAME = "$(TARGET_NAME)";
			};
			name = Debug;
		};
		8BF0C9AA1A7E7ED300B96ACF /* Release */ = {
			isa = XCBuildConfiguration;
			buildSettings = {
				ASSETCATALOG_COMPILER_APPICON_NAME = AppIcon;
				ASSETCATALOG_COMPILER_LAUNCHIMAGE_NAME = LaunchImage;
				FRAMEWORK_SEARCH_PATHS = (
					"$(inherited)",
					"$(PROJECT_DIR)/ChapinAttendance",
				);
				INFOPLIST_FILE = ChapinAttendance/Info.plist;
				LD_RUNPATH_SEARCH_PATHS = "$(inherited) @executable_path/Frameworks";
				OTHER_LDFLAGS = "-ObjC";
				PRODUCT_NAME = "$(TARGET_NAME)";
			};
			name = Release;
		};
		8BF0C9AC1A7E7ED300B96ACF /* Debug */ = {
			isa = XCBuildConfiguration;
			buildSettings = {
				BUNDLE_LOADER = "$(TEST_HOST)";
				FRAMEWORK_SEARCH_PATHS = (
					"$(SDKROOT)/Developer/Library/Frameworks",
					"$(inherited)",
				);
				GCC_PREPROCESSOR_DEFINITIONS = (
					"DEBUG=1",
					"$(inherited)",
				);
				INFOPLIST_FILE = ChapinAttendanceTests/Info.plist;
				LD_RUNPATH_SEARCH_PATHS = "$(inherited) @executable_path/Frameworks @loader_path/Frameworks";
				PRODUCT_NAME = "$(TARGET_NAME)";
				TEST_HOST = "$(BUILT_PRODUCTS_DIR)/ChapinAttendance.app/ChapinAttendance";
			};
			name = Debug;
		};
		8BF0C9AD1A7E7ED300B96ACF /* Release */ = {
			isa = XCBuildConfiguration;
			buildSettings = {
				BUNDLE_LOADER = "$(TEST_HOST)";
				FRAMEWORK_SEARCH_PATHS = (
					"$(SDKROOT)/Developer/Library/Frameworks",
					"$(inherited)",
				);
				INFOPLIST_FILE = ChapinAttendanceTests/Info.plist;
				LD_RUNPATH_SEARCH_PATHS = "$(inherited) @executable_path/Frameworks @loader_path/Frameworks";
				PRODUCT_NAME = "$(TARGET_NAME)";
				TEST_HOST = "$(BUILT_PRODUCTS_DIR)/ChapinAttendance.app/ChapinAttendance";
			};
			name = Release;
		};
/* End XCBuildConfiguration section */

/* Begin XCConfigurationList section */
		8BF0C9801A7E7ED200B96ACF /* Build configuration list for PBXProject "ChapinAttendance" */ = {
			isa = XCConfigurationList;
			buildConfigurations = (
				8BF0C9A61A7E7ED300B96ACF /* Debug */,
				8BF0C9A71A7E7ED300B96ACF /* Release */,
			);
			defaultConfigurationIsVisible = 0;
			defaultConfigurationName = Release;
		};
		8BF0C9A81A7E7ED300B96ACF /* Build configuration list for PBXNativeTarget "ChapinAttendance" */ = {
			isa = XCConfigurationList;
			buildConfigurations = (
				8BF0C9A91A7E7ED300B96ACF /* Debug */,
				8BF0C9AA1A7E7ED300B96ACF /* Release */,
			);
			defaultConfigurationIsVisible = 0;
			defaultConfigurationName = Release;
		};
		8BF0C9AB1A7E7ED300B96ACF /* Build configuration list for PBXNativeTarget "ChapinAttendanceTests" */ = {
			isa = XCConfigurationList;
			buildConfigurations = (
				8BF0C9AC1A7E7ED300B96ACF /* Debug */,
				8BF0C9AD1A7E7ED300B96ACF /* Release */,
			);
			defaultConfigurationIsVisible = 0;
			defaultConfigurationName = Release;
		};
/* End XCConfigurationList section */
	};
	rootObject = 8BF0C97D1A7E7ED200B96ACF /* Project object */;
}
